
Microsoft Visual Studio Solution File, Format Version 12.00
# Visual Studio 15
VisualStudioVersion = 15.0.26730.16
MinimumVisualStudioVersion = 10.0.40219.1
Project("{8BC9CEB8-8B4A-11D0-8D11-00A0C91BC942}") = "MapColoringGA", "MapColoringGA\MapColoringGA.vcxproj", "{15DCF0A8-42E1-4206-9F02-232AFFC4066B}"
EndProject
Global
	GlobalSection(SolutionConfigurationPlatforms) = preSolution
		Debug|x64 = Debug|x64
		Debug|x86 = Debug|x86
		Release|x64 = Release|x64
		Release|x86 = Release|x86
	EndGlobalSection
	GlobalSection(ProjectConfigurationPlatforms) = postSolution
		{15DCF0A8-42E1-4206-9F02-232AFFC4066B}.Debug|x64.ActiveCfg = Debug|x64
		{15DCF0A8-42E1-4206-9F02-232AFFC4066B}.Debug|x64.Build.0 = Debug|x64
		{15DCF0A8-42E1-4206-9F02-232AFFC4066B}.Debug|x86.ActiveCfg = Debug|Win32
		{15DCF0A8-42E1-4206-9F02-232AFFC4066B}.Debug|x86.Build.0 = Debug|Win32
		{15DCF0A8-42E1-4206-9F02-232AFFC4066B}.Release|x64.ActiveCfg = Release|x64
		{15DCF0A8-42E1-4206-9F02-232AFFC4066B}.Release|x64.Build.0 = Release|x64
		{15DCF0A8-42E1-4206-9F02-232AFFC4066B}.Release|x86.ActiveCfg = Release|Win32
		{15DCF0A8-42E1-4206-9F02-232AFFC4066B}.Release|x86.Build.0 = Release|Win32
	EndGlobalSection
	GlobalSection(SolutionProperties) = preSolution
		HideSolutionNode = FALSE
	EndGlobalSection
	GlobalSection(ExtensibilityGlobals) = postSolution
		SolutionGuid = {93274F29-E589-4434-9AB5-E7156F5652E4}
	EndGlobalSection
EndGlobal
